{
  "requires": true,
  "lockfileVersion": 1,
  "dependencies": {
    "@angular/forms": {
      "version": "11.2.8",
      "resolved": "https://registry.npmjs.org/@angular/forms/-/forms-11.2.8.tgz",
      "integrity": "sha512-qAhLnSg65YIU+9+u0TE3L5SxwnD4DfQP5l94AMLBf52knNB02XPK3SpadaiYkdaQjl68F4Pn+akYWi26tdPUww==",
      "requires": {
        "tslib": "^2.0.0"
      }
    },
    "tslib": {
      "version": "2.2.0",
      "resolved": "https://registry.npmjs.org/tslib/-/tslib-2.2.0.tgz",
      "integrity": "sha512-gS9GVHRU+RGn5KQM2rllAlR3dU6m7AcpJKdtH8gFvQiC4Otgk98XnmMU+nZenHt/+VhnBPWwgrJsyrdcw6i23w=="
    }
  }
}
